
Microsoft Visual Studio Solution File, Format Version 12.00
# Visual Studio Version 17
VisualStudioVersion = 17.3.32819.101
MinimumVisualStudioVersion = 10.0.40219.1
Project("{FAE04EC0-301F-11D3-BF4B-00C04F79EFBC}") = "Лабораторная работа 3", "Лабораторная работа 3\Лабораторная работа 3.csproj", "{4036EE3F-0287-42C9-A3A2-37F6D97B3341}"
EndProject
Global
	GlobalSection(SolutionConfigurationPlatforms) = preSolution
		Debug|Any CPU = Debug|Any CPU
		Release|Any CPU = Release|Any CPU
	EndGlobalSection
	GlobalSection(ProjectConfigurationPlatforms) = postSolution
		{4036EE3F-0287-42C9-A3A2-37F6D97B3341}.Debug|Any CPU.ActiveCfg = Debug|Any CPU
		{4036EE3F-0287-42C9-A3A2-37F6D97B3341}.Debug|Any CPU.Build.0 = Debug|Any CPU
		{4036EE3F-0287-42C9-A3A2-37F6D97B3341}.Release|Any CPU.ActiveCfg = Release|Any CPU
		{4036EE3F-0287-42C9-A3A2-37F6D97B3341}.Release|Any CPU.Build.0 = Release|Any CPU
	EndGlobalSection
	GlobalSection(SolutionProperties) = preSolution
		HideSolutionNode = FALSE
	EndGlobalSection
	GlobalSection(ExtensibilityGlobals) = postSolution
		SolutionGuid = {C1B6B2F0-D80B-449E-B2D9-E5F5A262173D}
	EndGlobalSection
EndGlobal
