
Microsoft Visual Studio Solution File, Format Version 12.00
# Visual Studio Version 17
VisualStudioVersion = 17.3.32819.101
MinimumVisualStudioVersion = 10.0.40219.1
Project("{FAE04EC0-301F-11D3-BF4B-00C04F79EFBC}") = "Лабораторная работа 11", "Лабораторная работа 11\Лабораторная работа 11.csproj", "{485A964A-EF70-48D7-8948-B90FFE0851A6}"
EndProject
Global
	GlobalSection(SolutionConfigurationPlatforms) = preSolution
		Debug|Any CPU = Debug|Any CPU
		Release|Any CPU = Release|Any CPU
	EndGlobalSection
	GlobalSection(ProjectConfigurationPlatforms) = postSolution
		{485A964A-EF70-48D7-8948-B90FFE0851A6}.Debug|Any CPU.ActiveCfg = Debug|Any CPU
		{485A964A-EF70-48D7-8948-B90FFE0851A6}.Debug|Any CPU.Build.0 = Debug|Any CPU
		{485A964A-EF70-48D7-8948-B90FFE0851A6}.Release|Any CPU.ActiveCfg = Release|Any CPU
		{485A964A-EF70-48D7-8948-B90FFE0851A6}.Release|Any CPU.Build.0 = Release|Any CPU
	EndGlobalSection
	GlobalSection(SolutionProperties) = preSolution
		HideSolutionNode = FALSE
	EndGlobalSection
	GlobalSection(ExtensibilityGlobals) = postSolution
		SolutionGuid = {25D0D58E-17C8-43C1-9FB3-A56B2D34C6F0}
	EndGlobalSection
EndGlobal
