
Microsoft Visual Studio Solution File, Format Version 12.00
# Visual Studio Version 17
VisualStudioVersion = 17.3.32819.101
MinimumVisualStudioVersion = 10.0.40219.1
Project("{FAE04EC0-301F-11D3-BF4B-00C04F79EFBC}") = "Лабораторная работа 9", "Лабораторная работа 9\Лабораторная работа 9.csproj", "{E00E5E62-03D6-4FC5-B3C1-6DB64A4EA9D8}"
EndProject
Global
	GlobalSection(SolutionConfigurationPlatforms) = preSolution
		Debug|Any CPU = Debug|Any CPU
		Release|Any CPU = Release|Any CPU
	EndGlobalSection
	GlobalSection(ProjectConfigurationPlatforms) = postSolution
		{E00E5E62-03D6-4FC5-B3C1-6DB64A4EA9D8}.Debug|Any CPU.ActiveCfg = Debug|Any CPU
		{E00E5E62-03D6-4FC5-B3C1-6DB64A4EA9D8}.Debug|Any CPU.Build.0 = Debug|Any CPU
		{E00E5E62-03D6-4FC5-B3C1-6DB64A4EA9D8}.Release|Any CPU.ActiveCfg = Release|Any CPU
		{E00E5E62-03D6-4FC5-B3C1-6DB64A4EA9D8}.Release|Any CPU.Build.0 = Release|Any CPU
	EndGlobalSection
	GlobalSection(SolutionProperties) = preSolution
		HideSolutionNode = FALSE
	EndGlobalSection
	GlobalSection(ExtensibilityGlobals) = postSolution
		SolutionGuid = {B58DD1EA-FC7D-4ABF-B93B-57F9DF750C2B}
	EndGlobalSection
EndGlobal
