
Microsoft Visual Studio Solution File, Format Version 12.00
# Visual Studio Version 17
VisualStudioVersion = 17.3.32819.101
MinimumVisualStudioVersion = 10.0.40219.1
Project("{FAE04EC0-301F-11D3-BF4B-00C04F79EFBC}") = "Лабораторная работа 13", "Лабораторная работа 13\Лабораторная работа 13.csproj", "{6A019FB1-0F0B-4244-A684-2418DAA28AFC}"
EndProject
Global
	GlobalSection(SolutionConfigurationPlatforms) = preSolution
		Debug|Any CPU = Debug|Any CPU
		Release|Any CPU = Release|Any CPU
	EndGlobalSection
	GlobalSection(ProjectConfigurationPlatforms) = postSolution
		{6A019FB1-0F0B-4244-A684-2418DAA28AFC}.Debug|Any CPU.ActiveCfg = Debug|Any CPU
		{6A019FB1-0F0B-4244-A684-2418DAA28AFC}.Debug|Any CPU.Build.0 = Debug|Any CPU
		{6A019FB1-0F0B-4244-A684-2418DAA28AFC}.Release|Any CPU.ActiveCfg = Release|Any CPU
		{6A019FB1-0F0B-4244-A684-2418DAA28AFC}.Release|Any CPU.Build.0 = Release|Any CPU
	EndGlobalSection
	GlobalSection(SolutionProperties) = preSolution
		HideSolutionNode = FALSE
	EndGlobalSection
	GlobalSection(ExtensibilityGlobals) = postSolution
		SolutionGuid = {80AA7EBF-1620-4DBF-82B2-20F70E587389}
	EndGlobalSection
EndGlobal
