
Microsoft Visual Studio Solution File, Format Version 12.00
# Visual Studio Version 17
VisualStudioVersion = 17.3.32819.101
MinimumVisualStudioVersion = 10.0.40219.1
Project("{FAE04EC0-301F-11D3-BF4B-00C04F79EFBC}") = "Лабораторная работа 4", "Лабораторная работа 4\Лабораторная работа 4.csproj", "{53CA20FE-3559-4589-B2D0-2B8D7D27D181}"
EndProject
Global
	GlobalSection(SolutionConfigurationPlatforms) = preSolution
		Debug|Any CPU = Debug|Any CPU
		Release|Any CPU = Release|Any CPU
	EndGlobalSection
	GlobalSection(ProjectConfigurationPlatforms) = postSolution
		{53CA20FE-3559-4589-B2D0-2B8D7D27D181}.Debug|Any CPU.ActiveCfg = Debug|Any CPU
		{53CA20FE-3559-4589-B2D0-2B8D7D27D181}.Debug|Any CPU.Build.0 = Debug|Any CPU
		{53CA20FE-3559-4589-B2D0-2B8D7D27D181}.Release|Any CPU.ActiveCfg = Release|Any CPU
		{53CA20FE-3559-4589-B2D0-2B8D7D27D181}.Release|Any CPU.Build.0 = Release|Any CPU
	EndGlobalSection
	GlobalSection(SolutionProperties) = preSolution
		HideSolutionNode = FALSE
	EndGlobalSection
	GlobalSection(ExtensibilityGlobals) = postSolution
		SolutionGuid = {5862E9F9-2805-4724-A770-1D6052AED81C}
	EndGlobalSection
EndGlobal
